// !$*UTF8*$!
{
	archiveVersion = 1;
	classes = {
	};
	objectVersion = 56;
	objects = {

/* Begin PBXBuildFile section */
		C0C979612AAE994A00ED8103 /* AppDelegate.swift in Sources */ = {isa = PBXBuildFile; fileRef = C0C979602AAE994A00ED8103 /* AppDelegate.swift */; };
		C0C979632AAE994A00ED8103 /* SceneDelegate.swift in Sources */ = {isa = PBXBuildFile; fileRef = C0C979622AAE994A00ED8103 /* SceneDelegate.swift */; };
		C0C979652AAE994A00ED8103 /* ViewController.swift in Sources */ = {isa = PBXBuildFile; fileRef = C0C979642AAE994A00ED8103 /* ViewController.swift */; };
		C0C979682AAE994A00ED8103 /* Main.storyboard in Resources */ = {isa = PBXBuildFile; fileRef = C0C979662AAE994A00ED8103 /* Main.storyboard */; };
		C0C9796A2AAE994B00ED8103 /* Assets.xcassets in Resources */ = {isa = PBXBuildFile; fileRef = C0C979692AAE994B00ED8103 /* Assets.xcassets */; };
		C0C9796D2AAE994B00ED8103 /* LaunchScreen.storyboard in Resources */ = {isa = PBXBuildFile; fileRef = C0C9796B2AAE994B00ED8103 /* LaunchScreen.storyboard */; };
		C0C9797C2AAEAE2500ED8103 /* Localizable.strings in Resources */ = {isa = PBXBuildFile; fileRef = C0C9797E2AAEAE2500ED8103 /* Localizable.strings */; };
		C0C979822AAEBAB100ED8103 /* String+Extension.swift in Sources */ = {isa = PBXBuildFile; fileRef = C0C979812AAEBAB100ED8103 /* String+Extension.swift */; };
		C0C979852AAEBDCF00ED8103 /* InfoPlist.strings in Resources */ = {isa = PBXBuildFile; fileRef = C0C979872AAEBDCF00ED8103 /* InfoPlist.strings */; };
/* End PBXBuildFile section */

/* Begin PBXFileReference section */
		C0C9795D2AAE994A00ED8103 /* unsplashMVVM.app */ = {isa = PBXFileReference; explicitFileType = wrapper.application; includeInIndex = 0; path = unsplashMVVM.app; sourceTree = BUILT_PRODUCTS_DIR; };
		C0C979602AAE994A00ED8103 /* AppDelegate.swift */ = {isa = PBXFileReference; lastKnownFileType = sourcecode.swift; path = AppDelegate.swift; sourceTree = "<group>"; };
		C0C979622AAE994A00ED8103 /* SceneDelegate.swift */ = {isa = PBXFileReference; lastKnownFileType = sourcecode.swift; path = SceneDelegate.swift; sourceTree = "<group>"; };
		C0C979642AAE994A00ED8103 /* ViewController.swift */ = {isa = PBXFileReference; lastKnownFileType = sourcecode.swift; path = ViewController.swift; sourceTree = "<group>"; };
		C0C979672AAE994A00ED8103 /* Base */ = {isa = PBXFileReference; lastKnownFileType = file.storyboard; name = Base; path = Base.lproj/Main.storyboard; sourceTree = "<group>"; };
		C0C979692AAE994B00ED8103 /* Assets.xcassets */ = {isa = PBXFileReference; lastKnownFileType = folder.assetcatalog; path = Assets.xcassets; sourceTree = "<group>"; };
		C0C9796C2AAE994B00ED8103 /* Base */ = {isa = PBXFileReference; lastKnownFileType = file.storyboard; name = Base; path = Base.lproj/LaunchScreen.storyboard; sourceTree = "<group>"; };
		C0C9796E2AAE994B00ED8103 /* Info.plist */ = {isa = PBXFileReference; lastKnownFileType = text.plist.xml; path = Info.plist; sourceTree = "<group>"; };
		C0C979742AAE9CB000ED8103 /* ko */ = {isa = PBXFileReference; lastKnownFileType = text.plist.strings; name = ko; path = ko.lproj/Main.strings; sourceTree = "<group>"; };
		C0C979752AAE9CB000ED8103 /* ko */ = {isa = PBXFileReference; lastKnownFileType = text.plist.strings; name = ko; path = ko.lproj/LaunchScreen.strings; sourceTree = "<group>"; };
		C0C979762AAE9CBA00ED8103 /* ja */ = {isa = PBXFileReference; lastKnownFileType = text.plist.strings; name = ja; path = ja.lproj/Main.strings; sourceTree = "<group>"; };
		C0C979772AAE9CBA00ED8103 /* ja */ = {isa = PBXFileReference; lastKnownFileType = text.plist.strings; name = ja; path = ja.lproj/LaunchScreen.strings; sourceTree = "<group>"; };
		C0C979792AAE9EA100ED8103 /* en */ = {isa = PBXFileReference; lastKnownFileType = text.plist.strings; name = en; path = en.lproj/Main.strings; sourceTree = "<group>"; };
		C0C9797D2AAEAE2500ED8103 /* en */ = {isa = PBXFileReference; lastKnownFileType = text.plist.strings; name = en; path = en.lproj/Localizable.strings; sourceTree = "<group>"; };
		C0C9797F2AAEAE3000ED8103 /* ja */ = {isa = PBXFileReference; lastKnownFileType = text.plist.strings; name = ja; path = ja.lproj/Localizable.strings; sourceTree = "<group>"; };
		C0C979802AAEAE3100ED8103 /* ko */ = {isa = PBXFileReference; lastKnownFileType = text.plist.strings; name = ko; path = ko.lproj/Localizable.strings; sourceTree = "<group>"; };
		C0C979812AAEBAB100ED8103 /* String+Extension.swift */ = {isa = PBXFileReference; lastKnownFileType = sourcecode.swift; path = "String+Extension.swift"; sourceTree = "<group>"; };
		C0C979862AAEBDCF00ED8103 /* en */ = {isa = PBXFileReference; lastKnownFileType = text.plist.strings; name = en; path = en.lproj/InfoPlist.strings; sourceTree = "<group>"; };
		C0C979882AAEBDD000ED8103 /* ja */ = {isa = PBXFileReference; lastKnownFileType = text.plist.strings; name = ja; path = ja.lproj/InfoPlist.strings; sourceTree = "<group>"; };
		C0C979892AAEBDD100ED8103 /* ko */ = {isa = PBXFileReference; lastKnownFileType = text.plist.strings; name = ko; path = ko.lproj/InfoPlist.strings; sourceTree = "<group>"; };
/* End PBXFileReference section */

/* Begin PBXFrameworksBuildPhase section */
		C0C9795A2AAE994A00ED8103 /* Frameworks */ = {
			isa = PBXFrameworksBuildPhase;
			buildActionMask = 2147483647;
			files = (
			);
			runOnlyForDeploymentPostprocessing = 0;
		};
/* End PBXFrameworksBuildPhase section */

/* Begin PBXGroup section */
		C0C979542AAE994A00ED8103 = {
			isa = PBXGroup;
			children = (
				C0C9795F2AAE994A00ED8103 /* unsplashMVVM */,
				C0C9795E2AAE994A00ED8103 /* Products */,
			);
			sourceTree = "<group>";
		};
		C0C9795E2AAE994A00ED8103 /* Products */ = {
			isa = PBXGroup;
			children = (
				C0C9795D2AAE994A00ED8103 /* unsplashMVVM.app */,
			);
			name = Products;
			sourceTree = "<group>";
		};
		C0C9795F2AAE994A00ED8103 /* unsplashMVVM */ = {
			isa = PBXGroup;
			children = (
				C0C979602AAE994A00ED8103 /* AppDelegate.swift */,
				C0C979622AAE994A00ED8103 /* SceneDelegate.swift */,
				C0C979642AAE994A00ED8103 /* ViewController.swift */,
				C0C979662AAE994A00ED8103 /* Main.storyboard */,
				C0C979692AAE994B00ED8103 /* Assets.xcassets */,
				C0C9796B2AAE994B00ED8103 /* LaunchScreen.storyboard */,
				C0C9796E2AAE994B00ED8103 /* Info.plist */,
				C0C9797E2AAEAE2500ED8103 /* Localizable.strings */,
				C0C979812AAEBAB100ED8103 /* String+Extension.swift */,
				C0C979872AAEBDCF00ED8103 /* InfoPlist.strings */,
			);
			path = unsplashMVVM;
			sourceTree = "<group>";
		};
/* End PBXGroup section */

/* Begin PBXNativeTarget section */
		C0C9795C2AAE994A00ED8103 /* unsplashMVVM */ = {
			isa = PBXNativeTarget;
			buildConfigurationList = C0C979712AAE994B00ED8103 /* Build configuration list for PBXNativeTarget "unsplashMVVM" */;
			buildPhases = (
				C0C979592AAE994A00ED8103 /* Sources */,
				C0C9795A2AAE994A00ED8103 /* Frameworks */,
				C0C9795B2AAE994A00ED8103 /* Resources */,
			);
			buildRules = (
			);
			dependencies = (
			);
			name = unsplashMVVM;
			productName = unsplashMVVM;
			productReference = C0C9795D2AAE994A00ED8103 /* unsplashMVVM.app */;
			productType = "com.apple.product-type.application";
		};
/* End PBXNativeTarget section */

/* Begin PBXProject section */
		C0C979552AAE994A00ED8103 /* Project object */ = {
			isa = PBXProject;
			attributes = {
				BuildIndependentTargetsInParallel = 1;
				LastSwiftUpdateCheck = 1430;
				LastUpgradeCheck = 1430;
				TargetAttributes = {
					C0C9795C2AAE994A00ED8103 = {
						CreatedOnToolsVersion = 14.3.1;
					};
				};
			};
			buildConfigurationList = C0C979582AAE994A00ED8103 /* Build configuration list for PBXProject "unsplashMVVM" */;
			compatibilityVersion = "Xcode 14.0";
			developmentRegion = en;
			hasScannedForEncodings = 0;
			knownRegions = (
				en,
				Base,
				ko,
				ja,
			);
			mainGroup = C0C979542AAE994A00ED8103;
			productRefGroup = C0C9795E2AAE994A00ED8103 /* Products */;
			projectDirPath = "";
			projectRoot = "";
			targets = (
				C0C9795C2AAE994A00ED8103 /* unsplashMVVM */,
			);
		};
/* End PBXProject section */

/* Begin PBXResourcesBuildPhase section */
		C0C9795B2AAE994A00ED8103 /* Resources */ = {
			isa = PBXResourcesBuildPhase;
			buildActionMask = 2147483647;
			files = (
				C0C9796D2AAE994B00ED8103 /* LaunchScreen.storyboard in Resources */,
				C0C9797C2AAEAE2500ED8103 /* Localizable.strings in Resources */,
				C0C9796A2AAE994B00ED8103 /* Assets.xcassets in Resources */,
				C0C979682AAE994A00ED8103 /* Main.storyboard in Resources */,
				C0C979852AAEBDCF00ED8103 /* InfoPlist.strings in Resources */,
			);
			runOnlyForDeploymentPostprocessing = 0;
		};
/* End PBXResourcesBuildPhase section */

/* Begin PBXSourcesBuildPhase section */
		C0C979592AAE994A00ED8103 /* Sources */ = {
			isa = PBXSourcesBuildPhase;
			buildActionMask = 2147483647;
			files = (
				C0C979822AAEBAB100ED8103 /* String+Extension.swift in Sources */,
				C0C979652AAE994A00ED8103 /* ViewController.swift in Sources */,
				C0C979612AAE994A00ED8103 /* AppDelegate.swift in Sources */,
				C0C979632AAE994A00ED8103 /* SceneDelegate.swift in Sources */,
			);
			runOnlyForDeploymentPostprocessing = 0;
		};
/* End PBXSourcesBuildPhase section */

/* Begin PBXVariantGroup section */
		C0C979662AAE994A00ED8103 /* Main.storyboard */ = {
			isa = PBXVariantGroup;
			children = (
				C0C979672AAE994A00ED8103 /* Base */,
				C0C979742AAE9CB000ED8103 /* ko */,
				C0C979762AAE9CBA00ED8103 /* ja */,
				C0C979792AAE9EA100ED8103 /* en */,
			);
			name = Main.storyboard;
			sourceTree = "<group>";
		};
		C0C9796B2AAE994B00ED8103 /* LaunchScreen.storyboard */ = {
			isa = PBXVariantGroup;
			children = (
				C0C9796C2AAE994B00ED8103 /* Base */,
				C0C979752AAE9CB000ED8103 /* ko */,
				C0C979772AAE9CBA00ED8103 /* ja */,
			);
			name = LaunchScreen.storyboard;
			sourceTree = "<group>";
		};
		C0C9797E2AAEAE2500ED8103 /* Localizable.strings */ = {
			isa = PBXVariantGroup;
			children = (
				C0C9797D2AAEAE2500ED8103 /* en */,
				C0C9797F2AAEAE3000ED8103 /* ja */,
				C0C979802AAEAE3100ED8103 /* ko */,
			);
			name = Localizable.strings;
			sourceTree = "<group>";
		};
		C0C979872AAEBDCF00ED8103 /* InfoPlist.strings */ = {
			isa = PBXVariantGroup;
			children = (
				C0C979862AAEBDCF00ED8103 /* en */,
				C0C979882AAEBDD000ED8103 /* ja */,
				C0C979892AAEBDD100ED8103 /* ko */,
			);
			name = InfoPlist.strings;
			sourceTree = "<group>";
		};
/* End PBXVariantGroup section */

/* Begin XCBuildConfiguration section */
		C0C9796F2AAE994B00ED8103 /* Debug */ = {
			isa = XCBuildConfiguration;
			buildSettings = {
				ALWAYS_SEARCH_USER_PATHS = NO;
				CLANG_ANALYZER_LOCALIZABILITY_NONLOCALIZED = YES;
				CLANG_ANALYZER_NONNULL = YES;
				CLANG_ANALYZER_NUMBER_OBJECT_CONVERSION = YES_AGGRESSIVE;
				CLANG_CXX_LANGUAGE_STANDARD = "gnu++20";
				CLANG_ENABLE_MODULES = YES;
				CLANG_ENABLE_OBJC_ARC = YES;
				CLANG_ENABLE_OBJC_WEAK = YES;
				CLANG_WARN_BLOCK_CAPTURE_AUTORELEASING = YES;
				CLANG_WARN_BOOL_CONVERSION = YES;
				CLANG_WARN_COMMA = YES;
				CLANG_WARN_CONSTANT_CONVERSION = YES;
				CLANG_WARN_DEPRECATED_OBJC_IMPLEMENTATIONS = YES;
				CLANG_WARN_DIRECT_OBJC_ISA_USAGE = YES_ERROR;
				CLANG_WARN_DOCUMENTATION_COMMENTS = YES;
				CLANG_WARN_EMPTY_BODY = YES;
				CLANG_WARN_ENUM_CONVERSION = YES;
				CLANG_WARN_INFINITE_RECURSION = YES;
				CLANG_WARN_INT_CONVERSION = YES;
				CLANG_WARN_NON_LITERAL_NULL_CONVERSION = YES;
				CLANG_WARN_OBJC_IMPLICIT_RETAIN_SELF = YES;
				CLANG_WARN_OBJC_LITERAL_CONVERSION = YES;
				CLANG_WARN_OBJC_ROOT_CLASS = YES_ERROR;
				CLANG_WARN_QUOTED_INCLUDE_IN_FRAMEWORK_HEADER = YES;
				CLANG_WARN_RANGE_LOOP_ANALYSIS = YES;
				CLANG_WARN_STRICT_PROTOTYPES = YES;
				CLANG_WARN_SUSPICIOUS_MOVE = YES;
				CLANG_WARN_UNGUARDED_AVAILABILITY = YES_AGGRESSIVE;
				CLANG_WARN_UNREACHABLE_CODE = YES;
				CLANG_WARN__DUPLICATE_METHOD_MATCH = YES;
				COPY_PHASE_STRIP = NO;
				DEBUG_INFORMATION_FORMAT = dwarf;
				ENABLE_STRICT_OBJC_MSGSEND = YES;
				ENABLE_TESTABILITY = YES;
				GCC_C_LANGUAGE_STANDARD = gnu11;
				GCC_DYNAMIC_NO_PIC = NO;
				GCC_NO_COMMON_BLOCKS = YES;
				GCC_OPTIMIZATION_LEVEL = 0;
				GCC_PREPROCESSOR_DEFINITIONS = (
					"DEBUG=1",
					"$(inherited)",
				);
				GCC_WARN_64_TO_32_BIT_CONVERSION = YES;
				GCC_WARN_ABOUT_RETURN_TYPE = YES_ERROR;
				GCC_WARN_UNDECLARED_SELECTOR = YES;
				GCC_WARN_UNINITIALIZED_AUTOS = YES_AGGRESSIVE;
				GCC_WARN_UNUSED_FUNCTION = YES;
				GCC_WARN_UNUSED_VARIABLE = YES;
				IPHONEOS_DEPLOYMENT_TARGET = 16.4;
				MTL_ENABLE_DEBUG_INFO = INCLUDE_SOURCE;
				MTL_FAST_MATH = YES;
				ONLY_ACTIVE_ARCH = YES;
				SDKROOT = iphoneos;
				SWIFT_ACTIVE_COMPILATION_CONDITIONS = DEBUG;
				SWIFT_OPTIMIZATION_LEVEL = "-Onone";
			};
			name = Debug;
		};
		C0C979702AAE994B00ED8103 /* Release */ = {
			isa = XCBuildConfiguration;
			buildSettings = {
				ALWAYS_SEARCH_USER_PATHS = NO;
				CLANG_ANALYZER_LOCALIZABILITY_NONLOCALIZED = YES;
				CLANG_ANALYZER_NONNULL = YES;
				CLANG_ANALYZER_NUMBER_OBJECT_CONVERSION = YES_AGGRESSIVE;
				CLANG_CXX_LANGUAGE_STANDARD = "gnu++20";
				CLANG_ENABLE_MODULES = YES;
				CLANG_ENABLE_OBJC_ARC = YES;
				CLANG_ENABLE_OBJC_WEAK = YES;
				CLANG_WARN_BLOCK_CAPTURE_AUTORELEASING = YES;
				CLANG_WARN_BOOL_CONVERSION = YES;
				CLANG_WARN_COMMA = YES;
				CLANG_WARN_CONSTANT_CONVERSION = YES;
				CLANG_WARN_DEPRECATED_OBJC_IMPLEMENTATIONS = YES;
				CLANG_WARN_DIRECT_OBJC_ISA_USAGE = YES_ERROR;
				CLANG_WARN_DOCUMENTATION_COMMENTS = YES;
				CLANG_WARN_EMPTY_BODY = YES;
				CLANG_WARN_ENUM_CONVERSION = YES;
				CLANG_WARN_INFINITE_RECURSION = YES;
				CLANG_WARN_INT_CONVERSION = YES;
				CLANG_WARN_NON_LITERAL_NULL_CONVERSION = YES;
				CLANG_WARN_OBJC_IMPLICIT_RETAIN_SELF = YES;
				CLANG_WARN_OBJC_LITERAL_CONVERSION = YES;
				CLANG_WARN_OBJC_ROOT_CLASS = YES_ERROR;
				CLANG_WARN_QUOTED_INCLUDE_IN_FRAMEWORK_HEADER = YES;
				CLANG_WARN_RANGE_LOOP_ANALYSIS = YES;
				CLANG_WARN_STRICT_PROTOTYPES = YES;
				CLANG_WARN_SUSPICIOUS_MOVE = YES;
				CLANG_WARN_UNGUARDED_AVAILABILITY = YES_AGGRESSIVE;
				CLANG_WARN_UNREACHABLE_CODE = YES;
				CLANG_WARN__DUPLICATE_METHOD_MATCH = YES;
				COPY_PHASE_STRIP = NO;
				DEBUG_INFORMATION_FORMAT = "dwarf-with-dsym";
				ENABLE_NS_ASSERTIONS = NO;
				ENABLE_STRICT_OBJC_MSGSEND = YES;
				GCC_C_LANGUAGE_STANDARD = gnu11;
				GCC_NO_COMMON_BLOCKS = YES;
				GCC_WARN_64_TO_32_BIT_CONVERSION = YES;
				GCC_WARN_ABOUT_RETURN_TYPE = YES_ERROR;
				GCC_WARN_UNDECLARED_SELECTOR = YES;
				GCC_WARN_UNINITIALIZED_AUTOS = YES_AGGRESSIVE;
				GCC_WARN_UNUSED_FUNCTION = YES;
				GCC_WARN_UNUSED_VARIABLE = YES;
				IPHONEOS_DEPLOYMENT_TARGET = 16.4;
				MTL_ENABLE_DEBUG_INFO = NO;
				MTL_FAST_MATH = YES;
				SDKROOT = iphoneos;
				SWIFT_COMPILATION_MODE = wholemodule;
				SWIFT_OPTIMIZATION_LEVEL = "-O";
				VALIDATE_PRODUCT = YES;
			};
			name = Release;
		};
		C0C979722AAE994B00ED8103 /* Debug */ = {
			isa = XCBuildConfiguration;
			buildSettings = {
				ASSETCATALOG_COMPILER_APPICON_NAME = AppIcon;
				ASSETCATALOG_COMPILER_GLOBAL_ACCENT_COLOR_NAME = AccentColor;
				CODE_SIGN_STYLE = Automatic;
				CURRENT_PROJECT_VERSION = 1;
				DEVELOPMENT_TEAM = SV3K237PCX;
				GENERATE_INFOPLIST_FILE = YES;
				INFOPLIST_FILE = unsplashMVVM/Info.plist;
				INFOPLIST_KEY_UIApplicationSupportsIndirectInputEvents = YES;
				INFOPLIST_KEY_UILaunchStoryboardName = LaunchScreen;
				INFOPLIST_KEY_UIMainStoryboardFile = Main;
				INFOPLIST_KEY_UISupportedInterfaceOrientations_iPad = "UIInterfaceOrientationPortrait UIInterfaceOrientationPortraitUpsideDown UIInterfaceOrientationLandscapeLeft UIInterfaceOrientationLandscapeRight";
				INFOPLIST_KEY_UISupportedInterfaceOrientations_iPhone = "UIInterfaceOrientationPortrait UIInterfaceOrientationLandscapeLeft UIInterfaceOrientationLandscapeRight";
				LD_RUNPATH_SEARCH_PATHS = (
					"$(inherited)",
					"@executable_path/Frameworks",
				);
				MARKETING_VERSION = 1.0;
				PRODUCT_BUNDLE_IDENTIFIER = com.comet.unsplashMVVM;
				PRODUCT_NAME = "$(TARGET_NAME)";
				SWIFT_EMIT_LOC_STRINGS = YES;
				SWIFT_VERSION = 5.0;
				TARGETED_DEVICE_FAMILY = "1,2";
			};
			name = Debug;
		};
		C0C979732AAE994B00ED8103 /* Release */ = {
			isa = XCBuildConfiguration;
			buildSettings = {
				ASSETCATALOG_COMPILER_APPICON_NAME = AppIcon;
				ASSETCATALOG_COMPILER_GLOBAL_ACCENT_COLOR_NAME = AccentColor;
				CODE_SIGN_STYLE = Automatic;
				CURRENT_PROJECT_VERSION = 1;
				DEVELOPMENT_TEAM = SV3K237PCX;
				GENERATE_INFOPLIST_FILE = YES;
				INFOPLIST_FILE = unsplashMVVM/Info.plist;
				INFOPLIST_KEY_UIApplicationSupportsIndirectInputEvents = YES;
				INFOPLIST_KEY_UILaunchStoryboardName = LaunchScreen;
				INFOPLIST_KEY_UIMainStoryboardFile = Main;
				INFOPLIST_KEY_UISupportedInterfaceOrientations_iPad = "UIInterfaceOrientationPortrait UIInterfaceOrientationPortraitUpsideDown UIInterfaceOrientationLandscapeLeft UIInterfaceOrientationLandscapeRight";
				INFOPLIST_KEY_UISupportedInterfaceOrientations_iPhone = "UIInterfaceOrientationPortrait UIInterfaceOrientationLandscapeLeft UIInterfaceOrientationLandscapeRight";
				LD_RUNPATH_SEARCH_PATHS = (
					"$(inherited)",
					"@executable_path/Frameworks",
				);
				MARKETING_VERSION = 1.0;
				PRODUCT_BUNDLE_IDENTIFIER = com.comet.unsplashMVVM;
				PRODUCT_NAME = "$(TARGET_NAME)";
				SWIFT_EMIT_LOC_STRINGS = YES;
				SWIFT_VERSION = 5.0;
				TARGETED_DEVICE_FAMILY = "1,2";
			};
			name = Release;
		};
/* End XCBuildConfiguration section */

/* Begin XCConfigurationList section */
		C0C979582AAE994A00ED8103 /* Build configuration list for PBXProject "unsplashMVVM" */ = {
			isa = XCConfigurationList;
			buildConfigurations = (
				C0C9796F2AAE994B00ED8103 /* Debug */,
				C0C979702AAE994B00ED8103 /* Release */,
			);
			defaultConfigurationIsVisible = 0;
			defaultConfigurationName = Release;
		};
		C0C979712AAE994B00ED8103 /* Build configuration list for PBXNativeTarget "unsplashMVVM" */ = {
			isa = XCConfigurationList;
			buildConfigurations = (
				C0C979722AAE994B00ED8103 /* Debug */,
				C0C979732AAE994B00ED8103 /* Release */,
			);
			defaultConfigurationIsVisible = 0;
			defaultConfigurationName = Release;
		};
/* End XCConfigurationList section */
	};
	rootObject = C0C979552AAE994A00ED8103 /* Project object */;
}
